{
  "originHash" : "614f018cd8c8164ba72bbe0b74dbc56ca71e41e0e5054e0911d3007b560ba56f",
  "pins" : [
    {
      "identity" : "gcdwebserver",
      "kind" : "remoteSourceControl",
      "location" : "https://github.com/yene/GCDWebServer",
      "state" : {
        "revision" : "c2f837b30038ef716b77225f40cc8d104b6ff645",
        "version" : "3.5.7"
      }
    },
    {
      "identity" : "mux-stats-sdk-avplayer",
      "kind" : "remoteSourceControl",
      "location" : "https://github.com/muxinc/mux-stats-sdk-avplayer",
      "state" : {
        "revision" : "ed4e8a73372843ec4fe18822b0a8381519969162",
        "version" : "4.10.0"
      }
    },
    {
      "identity" : "stats-sdk-objc",
      "kind" : "remoteSourceControl",
      "location" : "https://github.com/muxinc/stats-sdk-objc.git",
      "state" : {
        "revision" : "645a23a8d8215ecdea2a557b04807a5a7ba6c554",
        "version" : "5.7.0"
      }
    }
  ],
  "version" : 3
}
