{
  "originHash" : "00c800f05445a9a63db9f06fbe597bf23d9c6c1cb44c27c27a21db3dd87f5885",
  "pins" : [
    {
      "identity" : "gcdwebserver",
      "kind" : "remoteSourceControl",
      "location" : "https://github.com/yene/GCDWebServer",
      "state" : {
        "revision" : "c2f837b30038ef716b77225f40cc8d104b6ff645",
        "version" : "3.5.7"
      }
    },
    {
      "identity" : "mux-stats-sdk-avplayer",
      "kind" : "remoteSourceControl",
      "location" : "https://github.com/muxinc/mux-stats-sdk-avplayer",
      "state" : {
        "revision" : "7ef1eb94baf12959e0c71c28b43ed1afb6e23dcc",
        "version" : "4.6.1"
      }
    },
    {
      "identity" : "stats-sdk-objc",
      "kind" : "remoteSourceControl",
      "location" : "https://github.com/muxinc/stats-sdk-objc.git",
      "state" : {
        "revision" : "1d2c51af433eadb5f904904554422d7bc476c167",
        "version" : "5.4.0"
      }
    }
  ],
  "version" : 3
}
