// !$*UTF8*$!
{
	archiveVersion = 1;
	classes = {
	};
	objectVersion = 56;
	objects = {

/* Begin PBXBuildFile section */
		198F42DE2A980E9D007148F0 /* MuxAVPlayerSDKExampleApp.swift in Sources */ = {isa = PBXBuildFile; fileRef = 198F42DD2A980E9D007148F0 /* MuxAVPlayerSDKExampleApp.swift */; };
		198F42E02A980E9D007148F0 /* ContentView.swift in Sources */ = {isa = PBXBuildFile; fileRef = 198F42DF2A980E9D007148F0 /* ContentView.swift */; };
		198F42E22A980E9E007148F0 /* Assets.xcassets in Resources */ = {isa = PBXBuildFile; fileRef = 198F42E12A980E9E007148F0 /* Assets.xcassets */; };
		198F42E52A980E9E007148F0 /* Preview Assets.xcassets in Resources */ = {isa = PBXBuildFile; fileRef = 198F42E42A980E9E007148F0 /* Preview Assets.xcassets */; };
		198F42EF2A980E9E007148F0 /* MuxAVPlayerSDKExampleTests.swift in Sources */ = {isa = PBXBuildFile; fileRef = 198F42EE2A980E9E007148F0 /* MuxAVPlayerSDKExampleTests.swift */; };
		198F42F92A980E9E007148F0 /* MuxAVPlayerSDKExampleUITests.swift in Sources */ = {isa = PBXBuildFile; fileRef = 198F42F82A980E9E007148F0 /* MuxAVPlayerSDKExampleUITests.swift */; };
		198F42FB2A980E9E007148F0 /* MuxAVPlayerSDKExampleUITestsLaunchTests.swift in Sources */ = {isa = PBXBuildFile; fileRef = 198F42FA2A980E9E007148F0 /* MuxAVPlayerSDKExampleUITestsLaunchTests.swift */; };
		198F430B2A98210F007148F0 /* MainViewController.swift in Sources */ = {isa = PBXBuildFile; fileRef = 198F430A2A98210F007148F0 /* MainViewController.swift */; };
		198F430E2A990F91007148F0 /* MuxAVPlayerSDK in Frameworks */ = {isa = PBXBuildFile; productRef = 198F430D2A990F91007148F0 /* MuxAVPlayerSDK */; };
/* End PBXBuildFile section */

/* Begin PBXContainerItemProxy section */
		198F42EB2A980E9E007148F0 /* PBXContainerItemProxy */ = {
			isa = PBXContainerItemProxy;
			containerPortal = 198F42D22A980E9D007148F0 /* Project object */;
			proxyType = 1;
			remoteGlobalIDString = 198F42D92A980E9D007148F0;
			remoteInfo = MuxAVPlayerSDKExample;
		};
		198F42F52A980E9E007148F0 /* PBXContainerItemProxy */ = {
			isa = PBXContainerItemProxy;
			containerPortal = 198F42D22A980E9D007148F0 /* Project object */;
			proxyType = 1;
			remoteGlobalIDString = 198F42D92A980E9D007148F0;
			remoteInfo = MuxAVPlayerSDKExample;
		};
/* End PBXContainerItemProxy section */

/* Begin PBXFileReference section */
		198F42DA2A980E9D007148F0 /* MuxAVPlayerSDKExample.app */ = {isa = PBXFileReference; explicitFileType = wrapper.application; includeInIndex = 0; path = MuxAVPlayerSDKExample.app; sourceTree = BUILT_PRODUCTS_DIR; };
		198F42DD2A980E9D007148F0 /* MuxAVPlayerSDKExampleApp.swift */ = {isa = PBXFileReference; lastKnownFileType = sourcecode.swift; path = MuxAVPlayerSDKExampleApp.swift; sourceTree = "<group>"; };
		198F42DF2A980E9D007148F0 /* ContentView.swift */ = {isa = PBXFileReference; lastKnownFileType = sourcecode.swift; path = ContentView.swift; sourceTree = "<group>"; };
		198F42E12A980E9E007148F0 /* Assets.xcassets */ = {isa = PBXFileReference; lastKnownFileType = folder.assetcatalog; path = Assets.xcassets; sourceTree = "<group>"; };
		198F42E42A980E9E007148F0 /* Preview Assets.xcassets */ = {isa = PBXFileReference; lastKnownFileType = folder.assetcatalog; path = "Preview Assets.xcassets"; sourceTree = "<group>"; };
		198F42EA2A980E9E007148F0 /* MuxAVPlayerSDKExampleTests.xctest */ = {isa = PBXFileReference; explicitFileType = wrapper.cfbundle; includeInIndex = 0; path = MuxAVPlayerSDKExampleTests.xctest; sourceTree = BUILT_PRODUCTS_DIR; };
		198F42EE2A980E9E007148F0 /* MuxAVPlayerSDKExampleTests.swift */ = {isa = PBXFileReference; lastKnownFileType = sourcecode.swift; path = MuxAVPlayerSDKExampleTests.swift; sourceTree = "<group>"; };
		198F42F42A980E9E007148F0 /* MuxAVPlayerSDKExampleUITests.xctest */ = {isa = PBXFileReference; explicitFileType = wrapper.cfbundle; includeInIndex = 0; path = MuxAVPlayerSDKExampleUITests.xctest; sourceTree = BUILT_PRODUCTS_DIR; };
		198F42F82A980E9E007148F0 /* MuxAVPlayerSDKExampleUITests.swift */ = {isa = PBXFileReference; lastKnownFileType = sourcecode.swift; path = MuxAVPlayerSDKExampleUITests.swift; sourceTree = "<group>"; };
		198F42FA2A980E9E007148F0 /* MuxAVPlayerSDKExampleUITestsLaunchTests.swift */ = {isa = PBXFileReference; lastKnownFileType = sourcecode.swift; path = MuxAVPlayerSDKExampleUITestsLaunchTests.swift; sourceTree = "<group>"; };
		198F430A2A98210F007148F0 /* MainViewController.swift */ = {isa = PBXFileReference; lastKnownFileType = sourcecode.swift; path = MainViewController.swift; sourceTree = "<group>"; };
		198F430F2A9960A0007148F0 /* Info.plist */ = {isa = PBXFileReference; lastKnownFileType = text.plist; path = Info.plist; sourceTree = "<group>"; };
/* End PBXFileReference section */

/* Begin PBXFrameworksBuildPhase section */
		198F42D72A980E9D007148F0 /* Frameworks */ = {
			isa = PBXFrameworksBuildPhase;
			buildActionMask = 2147483647;
			files = (
				198F430E2A990F91007148F0 /* MuxAVPlayerSDK in Frameworks */,
			);
			runOnlyForDeploymentPostprocessing = 0;
		};
		198F42E72A980E9E007148F0 /* Frameworks */ = {
			isa = PBXFrameworksBuildPhase;
			buildActionMask = 2147483647;
			files = (
			);
			runOnlyForDeploymentPostprocessing = 0;
		};
		198F42F12A980E9E007148F0 /* Frameworks */ = {
			isa = PBXFrameworksBuildPhase;
			buildActionMask = 2147483647;
			files = (
			);
			runOnlyForDeploymentPostprocessing = 0;
		};
/* End PBXFrameworksBuildPhase section */

/* Begin PBXGroup section */
		198F42D12A980E9D007148F0 = {
			isa = PBXGroup;
			children = (
				198F42DC2A980E9D007148F0 /* MuxAVPlayerSDKExample */,
				198F42ED2A980E9E007148F0 /* MuxAVPlayerSDKExampleTests */,
				198F42F72A980E9E007148F0 /* MuxAVPlayerSDKExampleUITests */,
				198F42DB2A980E9D007148F0 /* Products */,
				198F430C2A990F91007148F0 /* Frameworks */,
			);
			sourceTree = "<group>";
		};
		198F42DB2A980E9D007148F0 /* Products */ = {
			isa = PBXGroup;
			children = (
				198F42DA2A980E9D007148F0 /* MuxAVPlayerSDKExample.app */,
				198F42EA2A980E9E007148F0 /* MuxAVPlayerSDKExampleTests.xctest */,
				198F42F42A980E9E007148F0 /* MuxAVPlayerSDKExampleUITests.xctest */,
			);
			name = Products;
			sourceTree = "<group>";
		};
		198F42DC2A980E9D007148F0 /* MuxAVPlayerSDKExample */ = {
			isa = PBXGroup;
			children = (
				198F430F2A9960A0007148F0 /* Info.plist */,
				198F42DD2A980E9D007148F0 /* MuxAVPlayerSDKExampleApp.swift */,
				198F42DF2A980E9D007148F0 /* ContentView.swift */,
				198F42E12A980E9E007148F0 /* Assets.xcassets */,
				198F42E32A980E9E007148F0 /* Preview Content */,
				198F430A2A98210F007148F0 /* MainViewController.swift */,
			);
			path = MuxAVPlayerSDKExample;
			sourceTree = "<group>";
		};
		198F42E32A980E9E007148F0 /* Preview Content */ = {
			isa = PBXGroup;
			children = (
				198F42E42A980E9E007148F0 /* Preview Assets.xcassets */,
			);
			path = "Preview Content";
			sourceTree = "<group>";
		};
		198F42ED2A980E9E007148F0 /* MuxAVPlayerSDKExampleTests */ = {
			isa = PBXGroup;
			children = (
				198F42EE2A980E9E007148F0 /* MuxAVPlayerSDKExampleTests.swift */,
			);
			path = MuxAVPlayerSDKExampleTests;
			sourceTree = "<group>";
		};
		198F42F72A980E9E007148F0 /* MuxAVPlayerSDKExampleUITests */ = {
			isa = PBXGroup;
			children = (
				198F42F82A980E9E007148F0 /* MuxAVPlayerSDKExampleUITests.swift */,
				198F42FA2A980E9E007148F0 /* MuxAVPlayerSDKExampleUITestsLaunchTests.swift */,
			);
			path = MuxAVPlayerSDKExampleUITests;
			sourceTree = "<group>";
		};
		198F430C2A990F91007148F0 /* Frameworks */ = {
			isa = PBXGroup;
			children = (
			);
			name = Frameworks;
			sourceTree = "<group>";
		};
/* End PBXGroup section */

/* Begin PBXNativeTarget section */
		198F42D92A980E9D007148F0 /* MuxAVPlayerSDKExample */ = {
			isa = PBXNativeTarget;
			buildConfigurationList = 198F42FE2A980E9E007148F0 /* Build configuration list for PBXNativeTarget "MuxAVPlayerSDKExample" */;
			buildPhases = (
				198F42D62A980E9D007148F0 /* Sources */,
				198F42D72A980E9D007148F0 /* Frameworks */,
				198F42D82A980E9D007148F0 /* Resources */,
			);
			buildRules = (
			);
			dependencies = (
			);
			name = MuxAVPlayerSDKExample;
			packageProductDependencies = (
				198F430D2A990F91007148F0 /* MuxAVPlayerSDK */,
			);
			productName = MuxAVPlayerSDKExample;
			productReference = 198F42DA2A980E9D007148F0 /* MuxAVPlayerSDKExample.app */;
			productType = "com.apple.product-type.application";
		};
		198F42E92A980E9E007148F0 /* MuxAVPlayerSDKExampleTests */ = {
			isa = PBXNativeTarget;
			buildConfigurationList = 198F43012A980E9E007148F0 /* Build configuration list for PBXNativeTarget "MuxAVPlayerSDKExampleTests" */;
			buildPhases = (
				198F42E62A980E9E007148F0 /* Sources */,
				198F42E72A980E9E007148F0 /* Frameworks */,
				198F42E82A980E9E007148F0 /* Resources */,
			);
			buildRules = (
			);
			dependencies = (
				198F42EC2A980E9E007148F0 /* PBXTargetDependency */,
			);
			name = MuxAVPlayerSDKExampleTests;
			productName = MuxAVPlayerSDKExampleTests;
			productReference = 198F42EA2A980E9E007148F0 /* MuxAVPlayerSDKExampleTests.xctest */;
			productType = "com.apple.product-type.bundle.unit-test";
		};
		198F42F32A980E9E007148F0 /* MuxAVPlayerSDKExampleUITests */ = {
			isa = PBXNativeTarget;
			buildConfigurationList = 198F43042A980E9E007148F0 /* Build configuration list for PBXNativeTarget "MuxAVPlayerSDKExampleUITests" */;
			buildPhases = (
				198F42F02A980E9E007148F0 /* Sources */,
				198F42F12A980E9E007148F0 /* Frameworks */,
				198F42F22A980E9E007148F0 /* Resources */,
			);
			buildRules = (
			);
			dependencies = (
				198F42F62A980E9E007148F0 /* PBXTargetDependency */,
			);
			name = MuxAVPlayerSDKExampleUITests;
			productName = MuxAVPlayerSDKExampleUITests;
			productReference = 198F42F42A980E9E007148F0 /* MuxAVPlayerSDKExampleUITests.xctest */;
			productType = "com.apple.product-type.bundle.ui-testing";
		};
/* End PBXNativeTarget section */

/* Begin PBXProject section */
		198F42D22A980E9D007148F0 /* Project object */ = {
			isa = PBXProject;
			attributes = {
				BuildIndependentTargetsInParallel = 1;
				LastSwiftUpdateCheck = 1430;
				LastUpgradeCheck = 1430;
				TargetAttributes = {
					198F42D92A980E9D007148F0 = {
						CreatedOnToolsVersion = 14.3.1;
					};
					198F42E92A980E9E007148F0 = {
						CreatedOnToolsVersion = 14.3.1;
						TestTargetID = 198F42D92A980E9D007148F0;
					};
					198F42F32A980E9E007148F0 = {
						CreatedOnToolsVersion = 14.3.1;
						TestTargetID = 198F42D92A980E9D007148F0;
					};
				};
			};
			buildConfigurationList = 198F42D52A980E9D007148F0 /* Build configuration list for PBXProject "MuxAVPlayerSDKExample" */;
			compatibilityVersion = "Xcode 14.0";
			developmentRegion = en;
			hasScannedForEncodings = 0;
			knownRegions = (
				en,
				Base,
			);
			mainGroup = 198F42D12A980E9D007148F0;
			productRefGroup = 198F42DB2A980E9D007148F0 /* Products */;
			projectDirPath = "";
			projectRoot = "";
			targets = (
				198F42D92A980E9D007148F0 /* MuxAVPlayerSDKExample */,
				198F42E92A980E9E007148F0 /* MuxAVPlayerSDKExampleTests */,
				198F42F32A980E9E007148F0 /* MuxAVPlayerSDKExampleUITests */,
			);
		};
/* End PBXProject section */

/* Begin PBXResourcesBuildPhase section */
		198F42D82A980E9D007148F0 /* Resources */ = {
			isa = PBXResourcesBuildPhase;
			buildActionMask = 2147483647;
			files = (
				198F42E52A980E9E007148F0 /* Preview Assets.xcassets in Resources */,
				198F42E22A980E9E007148F0 /* Assets.xcassets in Resources */,
			);
			runOnlyForDeploymentPostprocessing = 0;
		};
		198F42E82A980E9E007148F0 /* Resources */ = {
			isa = PBXResourcesBuildPhase;
			buildActionMask = 2147483647;
			files = (
			);
			runOnlyForDeploymentPostprocessing = 0;
		};
		198F42F22A980E9E007148F0 /* Resources */ = {
			isa = PBXResourcesBuildPhase;
			buildActionMask = 2147483647;
			files = (
			);
			runOnlyForDeploymentPostprocessing = 0;
		};
/* End PBXResourcesBuildPhase section */

/* Begin PBXSourcesBuildPhase section */
		198F42D62A980E9D007148F0 /* Sources */ = {
			isa = PBXSourcesBuildPhase;
			buildActionMask = 2147483647;
			files = (
				198F42E02A980E9D007148F0 /* ContentView.swift in Sources */,
				198F42DE2A980E9D007148F0 /* MuxAVPlayerSDKExampleApp.swift in Sources */,
				198F430B2A98210F007148F0 /* MainViewController.swift in Sources */,
			);
			runOnlyForDeploymentPostprocessing = 0;
		};
		198F42E62A980E9E007148F0 /* Sources */ = {
			isa = PBXSourcesBuildPhase;
			buildActionMask = 2147483647;
			files = (
				198F42EF2A980E9E007148F0 /* MuxAVPlayerSDKExampleTests.swift in Sources */,
			);
			runOnlyForDeploymentPostprocessing = 0;
		};
		198F42F02A980E9E007148F0 /* Sources */ = {
			isa = PBXSourcesBuildPhase;
			buildActionMask = 2147483647;
			files = (
				198F42F92A980E9E007148F0 /* MuxAVPlayerSDKExampleUITests.swift in Sources */,
				198F42FB2A980E9E007148F0 /* MuxAVPlayerSDKExampleUITestsLaunchTests.swift in Sources */,
			);
			runOnlyForDeploymentPostprocessing = 0;
		};
/* End PBXSourcesBuildPhase section */

/* Begin PBXTargetDependency section */
		198F42EC2A980E9E007148F0 /* PBXTargetDependency */ = {
			isa = PBXTargetDependency;
			target = 198F42D92A980E9D007148F0 /* MuxAVPlayerSDKExample */;
			targetProxy = 198F42EB2A980E9E007148F0 /* PBXContainerItemProxy */;
		};
		198F42F62A980E9E007148F0 /* PBXTargetDependency */ = {
			isa = PBXTargetDependency;
			target = 198F42D92A980E9D007148F0 /* MuxAVPlayerSDKExample */;
			targetProxy = 198F42F52A980E9E007148F0 /* PBXContainerItemProxy */;
		};
/* End PBXTargetDependency section */

/* Begin XCBuildConfiguration section */
		198F42FC2A980E9E007148F0 /* Debug */ = {
			isa = XCBuildConfiguration;
			buildSettings = {
				ALWAYS_SEARCH_USER_PATHS = NO;
				CLANG_ANALYZER_NONNULL = YES;
				CLANG_ANALYZER_NUMBER_OBJECT_CONVERSION = YES_AGGRESSIVE;
				CLANG_CXX_LANGUAGE_STANDARD = "gnu++20";
				CLANG_ENABLE_MODULES = YES;
				CLANG_ENABLE_OBJC_ARC = YES;
				CLANG_ENABLE_OBJC_WEAK = YES;
				CLANG_WARN_BLOCK_CAPTURE_AUTORELEASING = YES;
				CLANG_WARN_BOOL_CONVERSION = YES;
				CLANG_WARN_COMMA = YES;
				CLANG_WARN_CONSTANT_CONVERSION = YES;
				CLANG_WARN_DEPRECATED_OBJC_IMPLEMENTATIONS = YES;
				CLANG_WARN_DIRECT_OBJC_ISA_USAGE = YES_ERROR;
				CLANG_WARN_DOCUMENTATION_COMMENTS = YES;
				CLANG_WARN_EMPTY_BODY = YES;
				CLANG_WARN_ENUM_CONVERSION = YES;
				CLANG_WARN_INFINITE_RECURSION = YES;
				CLANG_WARN_INT_CONVERSION = YES;
				CLANG_WARN_NON_LITERAL_NULL_CONVERSION = YES;
				CLANG_WARN_OBJC_IMPLICIT_RETAIN_SELF = YES;
				CLANG_WARN_OBJC_LITERAL_CONVERSION = YES;
				CLANG_WARN_OBJC_ROOT_CLASS = YES_ERROR;
				CLANG_WARN_QUOTED_INCLUDE_IN_FRAMEWORK_HEADER = YES;
				CLANG_WARN_RANGE_LOOP_ANALYSIS = YES;
				CLANG_WARN_STRICT_PROTOTYPES = YES;
				CLANG_WARN_SUSPICIOUS_MOVE = YES;
				CLANG_WARN_UNGUARDED_AVAILABILITY = YES_AGGRESSIVE;
				CLANG_WARN_UNREACHABLE_CODE = YES;
				CLANG_WARN__DUPLICATE_METHOD_MATCH = YES;
				COPY_PHASE_STRIP = NO;
				DEBUG_INFORMATION_FORMAT = dwarf;
				ENABLE_STRICT_OBJC_MSGSEND = YES;
				ENABLE_TESTABILITY = YES;
				GCC_C_LANGUAGE_STANDARD = gnu11;
				GCC_DYNAMIC_NO_PIC = NO;
				GCC_NO_COMMON_BLOCKS = YES;
				GCC_OPTIMIZATION_LEVEL = 0;
				GCC_PREPROCESSOR_DEFINITIONS = (
					"DEBUG=1",
					"$(inherited)",
				);
				GCC_WARN_64_TO_32_BIT_CONVERSION = YES;
				GCC_WARN_ABOUT_RETURN_TYPE = YES_ERROR;
				GCC_WARN_UNDECLARED_SELECTOR = YES;
				GCC_WARN_UNINITIALIZED_AUTOS = YES_AGGRESSIVE;
				GCC_WARN_UNUSED_FUNCTION = YES;
				GCC_WARN_UNUSED_VARIABLE = YES;
				IPHONEOS_DEPLOYMENT_TARGET = 16.4;
				MTL_ENABLE_DEBUG_INFO = INCLUDE_SOURCE;
				MTL_FAST_MATH = YES;
				ONLY_ACTIVE_ARCH = YES;
				SDKROOT = iphoneos;
				SWIFT_ACTIVE_COMPILATION_CONDITIONS = DEBUG;
				SWIFT_OPTIMIZATION_LEVEL = "-Onone";
			};
			name = Debug;
		};
		198F42FD2A980E9E007148F0 /* Release */ = {
			isa = XCBuildConfiguration;
			buildSettings = {
				ALWAYS_SEARCH_USER_PATHS = NO;
				CLANG_ANALYZER_NONNULL = YES;
				CLANG_ANALYZER_NUMBER_OBJECT_CONVERSION = YES_AGGRESSIVE;
				CLANG_CXX_LANGUAGE_STANDARD = "gnu++20";
				CLANG_ENABLE_MODULES = YES;
				CLANG_ENABLE_OBJC_ARC = YES;
				CLANG_ENABLE_OBJC_WEAK = YES;
				CLANG_WARN_BLOCK_CAPTURE_AUTORELEASING = YES;
				CLANG_WARN_BOOL_CONVERSION = YES;
				CLANG_WARN_COMMA = YES;
				CLANG_WARN_CONSTANT_CONVERSION = YES;
				CLANG_WARN_DEPRECATED_OBJC_IMPLEMENTATIONS = YES;
				CLANG_WARN_DIRECT_OBJC_ISA_USAGE = YES_ERROR;
				CLANG_WARN_DOCUMENTATION_COMMENTS = YES;
				CLANG_WARN_EMPTY_BODY = YES;
				CLANG_WARN_ENUM_CONVERSION = YES;
				CLANG_WARN_INFINITE_RECURSION = YES;
				CLANG_WARN_INT_CONVERSION = YES;
				CLANG_WARN_NON_LITERAL_NULL_CONVERSION = YES;
				CLANG_WARN_OBJC_IMPLICIT_RETAIN_SELF = YES;
				CLANG_WARN_OBJC_LITERAL_CONVERSION = YES;
				CLANG_WARN_OBJC_ROOT_CLASS = YES_ERROR;
				CLANG_WARN_QUOTED_INCLUDE_IN_FRAMEWORK_HEADER = YES;
				CLANG_WARN_RANGE_LOOP_ANALYSIS = YES;
				CLANG_WARN_STRICT_PROTOTYPES = YES;
				CLANG_WARN_SUSPICIOUS_MOVE = YES;
				CLANG_WARN_UNGUARDED_AVAILABILITY = YES_AGGRESSIVE;
				CLANG_WARN_UNREACHABLE_CODE = YES;
				CLANG_WARN__DUPLICATE_METHOD_MATCH = YES;
				COPY_PHASE_STRIP = NO;
				DEBUG_INFORMATION_FORMAT = "dwarf-with-dsym";
				ENABLE_NS_ASSERTIONS = NO;
				ENABLE_STRICT_OBJC_MSGSEND = YES;
				GCC_C_LANGUAGE_STANDARD = gnu11;
				GCC_NO_COMMON_BLOCKS = YES;
				GCC_WARN_64_TO_32_BIT_CONVERSION = YES;
				GCC_WARN_ABOUT_RETURN_TYPE = YES_ERROR;
				GCC_WARN_UNDECLARED_SELECTOR = YES;
				GCC_WARN_UNINITIALIZED_AUTOS = YES_AGGRESSIVE;
				GCC_WARN_UNUSED_FUNCTION = YES;
				GCC_WARN_UNUSED_VARIABLE = YES;
				IPHONEOS_DEPLOYMENT_TARGET = 16.4;
				MTL_ENABLE_DEBUG_INFO = NO;
				MTL_FAST_MATH = YES;
				SDKROOT = iphoneos;
				SWIFT_COMPILATION_MODE = wholemodule;
				SWIFT_OPTIMIZATION_LEVEL = "-O";
				VALIDATE_PRODUCT = YES;
			};
			name = Release;
		};
		198F42FF2A980E9E007148F0 /* Debug */ = {
			isa = XCBuildConfiguration;
			buildSettings = {
				ASSETCATALOG_COMPILER_APPICON_NAME = AppIcon;
				ASSETCATALOG_COMPILER_GLOBAL_ACCENT_COLOR_NAME = AccentColor;
				CODE_SIGN_STYLE = Automatic;
				CURRENT_PROJECT_VERSION = 1;
				DEVELOPMENT_ASSET_PATHS = "\"MuxAVPlayerSDKExample/Preview Content\"";
				DEVELOPMENT_TEAM = XX95P4Y787;
				ENABLE_PREVIEWS = YES;
				GENERATE_INFOPLIST_FILE = YES;
				INFOPLIST_FILE = MuxAVPlayerSDKExample/Info.plist;
				INFOPLIST_KEY_UIApplicationSceneManifest_Generation = YES;
				INFOPLIST_KEY_UIApplicationSupportsIndirectInputEvents = YES;
				INFOPLIST_KEY_UILaunchScreen_Generation = YES;
				INFOPLIST_KEY_UIStatusBarStyle = UIStatusBarStyleDarkContent;
				INFOPLIST_KEY_UISupportedInterfaceOrientations_iPad = "UIInterfaceOrientationPortrait UIInterfaceOrientationPortraitUpsideDown UIInterfaceOrientationLandscapeLeft UIInterfaceOrientationLandscapeRight";
				INFOPLIST_KEY_UISupportedInterfaceOrientations_iPhone = "UIInterfaceOrientationPortrait UIInterfaceOrientationLandscapeLeft UIInterfaceOrientationLandscapeRight";
				IPHONEOS_DEPLOYMENT_TARGET = 16.0;
				LD_RUNPATH_SEARCH_PATHS = (
					"$(inherited)",
					"@executable_path/Frameworks",
				);
				MARKETING_VERSION = 1.0;
				PRODUCT_BUNDLE_IDENTIFIER = com.mux.avplayersdk.example.MuxAVPlayerSDKExample;
				PRODUCT_NAME = "$(TARGET_NAME)";
				SWIFT_EMIT_LOC_STRINGS = YES;
				SWIFT_VERSION = 5.0;
				TARGETED_DEVICE_FAMILY = "1,2";
			};
			name = Debug;
		};
		198F43002A980E9E007148F0 /* Release */ = {
			isa = XCBuildConfiguration;
			buildSettings = {
				ASSETCATALOG_COMPILER_APPICON_NAME = AppIcon;
				ASSETCATALOG_COMPILER_GLOBAL_ACCENT_COLOR_NAME = AccentColor;
				CODE_SIGN_STYLE = Automatic;
				CURRENT_PROJECT_VERSION = 1;
				DEVELOPMENT_ASSET_PATHS = "\"MuxAVPlayerSDKExample/Preview Content\"";
				DEVELOPMENT_TEAM = XX95P4Y787;
				ENABLE_PREVIEWS = YES;
				GENERATE_INFOPLIST_FILE = YES;
				INFOPLIST_FILE = MuxAVPlayerSDKExample/Info.plist;
				INFOPLIST_KEY_UIApplicationSceneManifest_Generation = YES;
				INFOPLIST_KEY_UIApplicationSupportsIndirectInputEvents = YES;
				INFOPLIST_KEY_UILaunchScreen_Generation = YES;
				INFOPLIST_KEY_UIStatusBarStyle = UIStatusBarStyleDarkContent;
				INFOPLIST_KEY_UISupportedInterfaceOrientations_iPad = "UIInterfaceOrientationPortrait UIInterfaceOrientationPortraitUpsideDown UIInterfaceOrientationLandscapeLeft UIInterfaceOrientationLandscapeRight";
				INFOPLIST_KEY_UISupportedInterfaceOrientations_iPhone = "UIInterfaceOrientationPortrait UIInterfaceOrientationLandscapeLeft UIInterfaceOrientationLandscapeRight";
				IPHONEOS_DEPLOYMENT_TARGET = 16.0;
				LD_RUNPATH_SEARCH_PATHS = (
					"$(inherited)",
					"@executable_path/Frameworks",
				);
				MARKETING_VERSION = 1.0;
				PRODUCT_BUNDLE_IDENTIFIER = com.mux.avplayersdk.example.MuxAVPlayerSDKExample;
				PRODUCT_NAME = "$(TARGET_NAME)";
				SWIFT_EMIT_LOC_STRINGS = YES;
				SWIFT_VERSION = 5.0;
				TARGETED_DEVICE_FAMILY = "1,2";
			};
			name = Release;
		};
		198F43022A980E9E007148F0 /* Debug */ = {
			isa = XCBuildConfiguration;
			buildSettings = {
				ALWAYS_EMBED_SWIFT_STANDARD_LIBRARIES = YES;
				BUNDLE_LOADER = "$(TEST_HOST)";
				CODE_SIGN_STYLE = Automatic;
				CURRENT_PROJECT_VERSION = 1;
				DEVELOPMENT_TEAM = XX95P4Y787;
				GENERATE_INFOPLIST_FILE = YES;
				IPHONEOS_DEPLOYMENT_TARGET = 16.4;
				MARKETING_VERSION = 1.0;
				PRODUCT_BUNDLE_IDENTIFIER = com.mux.avplayersdk.example.MuxAVPlayerSDKExampleTests;
				PRODUCT_NAME = "$(TARGET_NAME)";
				SWIFT_EMIT_LOC_STRINGS = NO;
				SWIFT_VERSION = 5.0;
				TARGETED_DEVICE_FAMILY = "1,2";
				TEST_HOST = "$(BUILT_PRODUCTS_DIR)/MuxAVPlayerSDKExample.app/$(BUNDLE_EXECUTABLE_FOLDER_PATH)/MuxAVPlayerSDKExample";
			};
			name = Debug;
		};
		198F43032A980E9E007148F0 /* Release */ = {
			isa = XCBuildConfiguration;
			buildSettings = {
				ALWAYS_EMBED_SWIFT_STANDARD_LIBRARIES = YES;
				BUNDLE_LOADER = "$(TEST_HOST)";
				CODE_SIGN_STYLE = Automatic;
				CURRENT_PROJECT_VERSION = 1;
				DEVELOPMENT_TEAM = XX95P4Y787;
				GENERATE_INFOPLIST_FILE = YES;
				IPHONEOS_DEPLOYMENT_TARGET = 16.4;
				MARKETING_VERSION = 1.0;
				PRODUCT_BUNDLE_IDENTIFIER = com.mux.avplayersdk.example.MuxAVPlayerSDKExampleTests;
				PRODUCT_NAME = "$(TARGET_NAME)";
				SWIFT_EMIT_LOC_STRINGS = NO;
				SWIFT_VERSION = 5.0;
				TARGETED_DEVICE_FAMILY = "1,2";
				TEST_HOST = "$(BUILT_PRODUCTS_DIR)/MuxAVPlayerSDKExample.app/$(BUNDLE_EXECUTABLE_FOLDER_PATH)/MuxAVPlayerSDKExample";
			};
			name = Release;
		};
		198F43052A980E9E007148F0 /* Debug */ = {
			isa = XCBuildConfiguration;
			buildSettings = {
				ALWAYS_EMBED_SWIFT_STANDARD_LIBRARIES = YES;
				CODE_SIGN_STYLE = Automatic;
				CURRENT_PROJECT_VERSION = 1;
				DEVELOPMENT_TEAM = XX95P4Y787;
				GENERATE_INFOPLIST_FILE = YES;
				MARKETING_VERSION = 1.0;
				PRODUCT_BUNDLE_IDENTIFIER = com.mux.avplayersdk.example.MuxAVPlayerSDKExampleUITests;
				PRODUCT_NAME = "$(TARGET_NAME)";
				SWIFT_EMIT_LOC_STRINGS = NO;
				SWIFT_VERSION = 5.0;
				TARGETED_DEVICE_FAMILY = "1,2";
				TEST_TARGET_NAME = MuxAVPlayerSDKExample;
			};
			name = Debug;
		};
		198F43062A980E9E007148F0 /* Release */ = {
			isa = XCBuildConfiguration;
			buildSettings = {
				ALWAYS_EMBED_SWIFT_STANDARD_LIBRARIES = YES;
				CODE_SIGN_STYLE = Automatic;
				CURRENT_PROJECT_VERSION = 1;
				DEVELOPMENT_TEAM = XX95P4Y787;
				GENERATE_INFOPLIST_FILE = YES;
				MARKETING_VERSION = 1.0;
				PRODUCT_BUNDLE_IDENTIFIER = com.mux.avplayersdk.example.MuxAVPlayerSDKExampleUITests;
				PRODUCT_NAME = "$(TARGET_NAME)";
				SWIFT_EMIT_LOC_STRINGS = NO;
				SWIFT_VERSION = 5.0;
				TARGETED_DEVICE_FAMILY = "1,2";
				TEST_TARGET_NAME = MuxAVPlayerSDKExample;
			};
			name = Release;
		};
/* End XCBuildConfiguration section */

/* Begin XCConfigurationList section */
		198F42D52A980E9D007148F0 /* Build configuration list for PBXProject "MuxAVPlayerSDKExample" */ = {
			isa = XCConfigurationList;
			buildConfigurations = (
				198F42FC2A980E9E007148F0 /* Debug */,
				198F42FD2A980E9E007148F0 /* Release */,
			);
			defaultConfigurationIsVisible = 0;
			defaultConfigurationName = Release;
		};
		198F42FE2A980E9E007148F0 /* Build configuration list for PBXNativeTarget "MuxAVPlayerSDKExample" */ = {
			isa = XCConfigurationList;
			buildConfigurations = (
				198F42FF2A980E9E007148F0 /* Debug */,
				198F43002A980E9E007148F0 /* Release */,
			);
			defaultConfigurationIsVisible = 0;
			defaultConfigurationName = Release;
		};
		198F43012A980E9E007148F0 /* Build configuration list for PBXNativeTarget "MuxAVPlayerSDKExampleTests" */ = {
			isa = XCConfigurationList;
			buildConfigurations = (
				198F43022A980E9E007148F0 /* Debug */,
				198F43032A980E9E007148F0 /* Release */,
			);
			defaultConfigurationIsVisible = 0;
			defaultConfigurationName = Release;
		};
		198F43042A980E9E007148F0 /* Build configuration list for PBXNativeTarget "MuxAVPlayerSDKExampleUITests" */ = {
			isa = XCConfigurationList;
			buildConfigurations = (
				198F43052A980E9E007148F0 /* Debug */,
				198F43062A980E9E007148F0 /* Release */,
			);
			defaultConfigurationIsVisible = 0;
			defaultConfigurationName = Release;
		};
/* End XCConfigurationList section */

/* Begin XCSwiftPackageProductDependency section */
		198F430D2A990F91007148F0 /* MuxAVPlayerSDK */ = {
			isa = XCSwiftPackageProductDependency;
			productName = MuxAVPlayerSDK;
		};
/* End XCSwiftPackageProductDependency section */
	};
	rootObject = 198F42D22A980E9D007148F0 /* Project object */;
}
